
Microsoft Visual Studio Solution File, Format Version 12.00
# Visual Studio 2013
VisualStudioVersion = 12.0.30723.0
MinimumVisualStudioVersion = 10.0.40219.1
Project("{FAE04EC0-301F-11D3-BF4B-00C04F79EFBC}") = "EventStore.Example", "EventStore.Example\EventStore.Example.csproj", "{4F8DFDDE-AC8B-4E6B-B88D-3C2FDC9E5E6F}"
EndProject
Project("{FAE04EC0-301F-11D3-BF4B-00C04F79EFBC}") = "EventStore", "EventStore\EventStore.csproj", "{56664C8B-9194-45C9-B480-6CC622533138}"
EndProject
Project("{FAE04EC0-301F-11D3-BF4B-00C04F79EFBC}") = "EventStore.MongoDB", "EventStore.MongoDB\EventStore.MongoDB.csproj", "{4B091BCA-89A1-42FA-8DDE-33F12E878012}"
EndProject
Project("{FAE04EC0-301F-11D3-BF4B-00C04F79EFBC}") = "EventStore.Tests", "EventStore.Tests\EventStore.Tests.csproj", "{00EA8040-6654-4C7D-85B4-23457A84DECC}"
EndProject
Global
	GlobalSection(SolutionConfigurationPlatforms) = preSolution
		Debug|Any CPU = Debug|Any CPU
		Release|Any CPU = Release|Any CPU
	EndGlobalSection
	GlobalSection(ProjectConfigurationPlatforms) = postSolution
		{4F8DFDDE-AC8B-4E6B-B88D-3C2FDC9E5E6F}.Debug|Any CPU.ActiveCfg = Debug|Any CPU
		{4F8DFDDE-AC8B-4E6B-B88D-3C2FDC9E5E6F}.Debug|Any CPU.Build.0 = Debug|Any CPU
		{4F8DFDDE-AC8B-4E6B-B88D-3C2FDC9E5E6F}.Release|Any CPU.ActiveCfg = Release|Any CPU
		{4F8DFDDE-AC8B-4E6B-B88D-3C2FDC9E5E6F}.Release|Any CPU.Build.0 = Release|Any CPU
		{56664C8B-9194-45C9-B480-6CC622533138}.Debug|Any CPU.ActiveCfg = Debug|Any CPU
		{56664C8B-9194-45C9-B480-6CC622533138}.Debug|Any CPU.Build.0 = Debug|Any CPU
		{56664C8B-9194-45C9-B480-6CC622533138}.Release|Any CPU.ActiveCfg = Release|Any CPU
		{56664C8B-9194-45C9-B480-6CC622533138}.Release|Any CPU.Build.0 = Release|Any CPU
		{4B091BCA-89A1-42FA-8DDE-33F12E878012}.Debug|Any CPU.ActiveCfg = Debug|Any CPU
		{4B091BCA-89A1-42FA-8DDE-33F12E878012}.Debug|Any CPU.Build.0 = Debug|Any CPU
		{4B091BCA-89A1-42FA-8DDE-33F12E878012}.Release|Any CPU.ActiveCfg = Release|Any CPU
		{4B091BCA-89A1-42FA-8DDE-33F12E878012}.Release|Any CPU.Build.0 = Release|Any CPU
		{00EA8040-6654-4C7D-85B4-23457A84DECC}.Debug|Any CPU.ActiveCfg = Debug|Any CPU
		{00EA8040-6654-4C7D-85B4-23457A84DECC}.Debug|Any CPU.Build.0 = Debug|Any CPU
		{00EA8040-6654-4C7D-85B4-23457A84DECC}.Release|Any CPU.ActiveCfg = Release|Any CPU
		{00EA8040-6654-4C7D-85B4-23457A84DECC}.Release|Any CPU.Build.0 = Release|Any CPU
	EndGlobalSection
	GlobalSection(SolutionProperties) = preSolution
		HideSolutionNode = FALSE
	EndGlobalSection
EndGlobal
